// !$*UTF8*$!
{
	archiveVersion = 1;
	classes = {
	};
	objectVersion = 55;
	objects = {

/* Begin PBXBuildFile section */
		2C1314EF27FF402F00C71AFF /* AppDelegate.swift in Sources */ = {isa = PBXBuildFile; fileRef = 2C1314EE27FF402F00C71AFF /* AppDelegate.swift */; };
		2C1314F127FF402F00C71AFF /* SceneDelegate.swift in Sources */ = {isa = PBXBuildFile; fileRef = 2C1314F027FF402F00C71AFF /* SceneDelegate.swift */; };
		2C1314F327FF402F00C71AFF /* ViewController.swift in Sources */ = {isa = PBXBuildFile; fileRef = 2C1314F227FF402F00C71AFF /* ViewController.swift */; };
		2C1314F627FF402F00C71AFF /* Main.storyboard in Resources */ = {isa = PBXBuildFile; fileRef = 2C1314F427FF402F00C71AFF /* Main.storyboard */; };
		2C1314F827FF403100C71AFF /* Assets.xcassets in Resources */ = {isa = PBXBuildFile; fileRef = 2C1314F727FF403100C71AFF /* Assets.xcassets */; };
		2C1314FB27FF403100C71AFF /* LaunchScreen.storyboard in Resources */ = {isa = PBXBuildFile; fileRef = 2C1314F927FF403100C71AFF /* LaunchScreen.storyboard */; };
		2CFF9B8A27FF42E900DE90E3 /* Model.swift in Sources */ = {isa = PBXBuildFile; fileRef = 2CFF9B8927FF42E900DE90E3 /* Model.swift */; };
		EB53974ABE286DE98D492A8A /* Pods_HomeWorkSpringPod.framework in Frameworks */ = {isa = PBXBuildFile; fileRef = AB277790B3DE172CA600EC60 /* Pods_HomeWorkSpringPod.framework */; };
/* End PBXBuildFile section */

/* Begin PBXFileReference section */
		2C1314EB27FF402F00C71AFF /* HomeWorkSpringPod.app */ = {isa = PBXFileReference; explicitFileType = wrapper.application; includeInIndex = 0; path = HomeWorkSpringPod.app; sourceTree = BUILT_PRODUCTS_DIR; };
		2C1314EE27FF402F00C71AFF /* AppDelegate.swift */ = {isa = PBXFileReference; lastKnownFileType = sourcecode.swift; path = AppDelegate.swift; sourceTree = "<group>"; };
		2C1314F027FF402F00C71AFF /* SceneDelegate.swift */ = {isa = PBXFileReference; lastKnownFileType = sourcecode.swift; path = SceneDelegate.swift; sourceTree = "<group>"; };
		2C1314F227FF402F00C71AFF /* ViewController.swift */ = {isa = PBXFileReference; lastKnownFileType = sourcecode.swift; path = ViewController.swift; sourceTree = "<group>"; };
		2C1314F527FF402F00C71AFF /* Base */ = {isa = PBXFileReference; lastKnownFileType = file.storyboard; name = Base; path = Base.lproj/Main.storyboard; sourceTree = "<group>"; };
		2C1314F727FF403100C71AFF /* Assets.xcassets */ = {isa = PBXFileReference; lastKnownFileType = folder.assetcatalog; path = Assets.xcassets; sourceTree = "<group>"; };
		2C1314FA27FF403100C71AFF /* Base */ = {isa = PBXFileReference; lastKnownFileType = file.storyboard; name = Base; path = Base.lproj/LaunchScreen.storyboard; sourceTree = "<group>"; };
		2C1314FC27FF403100C71AFF /* Info.plist */ = {isa = PBXFileReference; lastKnownFileType = text.plist.xml; path = Info.plist; sourceTree = "<group>"; };
		2CFF9B8927FF42E900DE90E3 /* Model.swift */ = {isa = PBXFileReference; lastKnownFileType = sourcecode.swift; path = Model.swift; sourceTree = "<group>"; };
		376766C7B4C9798863CA6FC2 /* Pods-HomeWorkSpringPod.debug.xcconfig */ = {isa = PBXFileReference; includeInIndex = 1; lastKnownFileType = text.xcconfig; name = "Pods-HomeWorkSpringPod.debug.xcconfig"; path = "Target Support Files/Pods-HomeWorkSpringPod/Pods-HomeWorkSpringPod.debug.xcconfig"; sourceTree = "<group>"; };
		AB277790B3DE172CA600EC60 /* Pods_HomeWorkSpringPod.framework */ = {isa = PBXFileReference; explicitFileType = wrapper.framework; includeInIndex = 0; path = Pods_HomeWorkSpringPod.framework; sourceTree = BUILT_PRODUCTS_DIR; };
		F8967500E41B40DF7A429027 /* Pods-HomeWorkSpringPod.release.xcconfig */ = {isa = PBXFileReference; includeInIndex = 1; lastKnownFileType = text.xcconfig; name = "Pods-HomeWorkSpringPod.release.xcconfig"; path = "Target Support Files/Pods-HomeWorkSpringPod/Pods-HomeWorkSpringPod.release.xcconfig"; sourceTree = "<group>"; };
/* End PBXFileReference section */

/* Begin PBXFrameworksBuildPhase section */
		2C1314E827FF402F00C71AFF /* Frameworks */ = {
			isa = PBXFrameworksBuildPhase;
			buildActionMask = 2147483647;
			files = (
				EB53974ABE286DE98D492A8A /* Pods_HomeWorkSpringPod.framework in Frameworks */,
			);
			runOnlyForDeploymentPostprocessing = 0;
		};
/* End PBXFrameworksBuildPhase section */

/* Begin PBXGroup section */
		2C1314E227FF402F00C71AFF = {
			isa = PBXGroup;
			children = (
				2C1314ED27FF402F00C71AFF /* HomeWorkSpringPod */,
				2C1314EC27FF402F00C71AFF /* Products */,
				5640E8A3B713DEB64DAEEE24 /* Pods */,
				8EFBD98795525BD759AB358A /* Frameworks */,
			);
			sourceTree = "<group>";
		};
		2C1314EC27FF402F00C71AFF /* Products */ = {
			isa = PBXGroup;
			children = (
				2C1314EB27FF402F00C71AFF /* HomeWorkSpringPod.app */,
			);
			name = Products;
			sourceTree = "<group>";
		};
		2C1314ED27FF402F00C71AFF /* HomeWorkSpringPod */ = {
			isa = PBXGroup;
			children = (
				2C1314EE27FF402F00C71AFF /* AppDelegate.swift */,
				2C1314F027FF402F00C71AFF /* SceneDelegate.swift */,
				2C1314F227FF402F00C71AFF /* ViewController.swift */,
				2C1314F427FF402F00C71AFF /* Main.storyboard */,
				2C1314F727FF403100C71AFF /* Assets.xcassets */,
				2C1314F927FF403100C71AFF /* LaunchScreen.storyboard */,
				2C1314FC27FF403100C71AFF /* Info.plist */,
				2CFF9B8927FF42E900DE90E3 /* Model.swift */,
			);
			path = HomeWorkSpringPod;
			sourceTree = "<group>";
		};
		5640E8A3B713DEB64DAEEE24 /* Pods */ = {
			isa = PBXGroup;
			children = (
				376766C7B4C9798863CA6FC2 /* Pods-HomeWorkSpringPod.debug.xcconfig */,
				F8967500E41B40DF7A429027 /* Pods-HomeWorkSpringPod.release.xcconfig */,
			);
			path = Pods;
			sourceTree = "<group>";
		};
		8EFBD98795525BD759AB358A /* Frameworks */ = {
			isa = PBXGroup;
			children = (
				AB277790B3DE172CA600EC60 /* Pods_HomeWorkSpringPod.framework */,
			);
			name = Frameworks;
			sourceTree = "<group>";
		};
/* End PBXGroup section */

/* Begin PBXNativeTarget section */
		2C1314EA27FF402F00C71AFF /* HomeWorkSpringPod */ = {
			isa = PBXNativeTarget;
			buildConfigurationList = 2C1314FF27FF403100C71AFF /* Build configuration list for PBXNativeTarget "HomeWorkSpringPod" */;
			buildPhases = (
				1B4329F91A480C4488D04CF3 /* [CP] Check Pods Manifest.lock */,
				2C1314E727FF402F00C71AFF /* Sources */,
				2C1314E827FF402F00C71AFF /* Frameworks */,
				2C1314E927FF402F00C71AFF /* Resources */,
				13CEFB2AC71E31DEA121E904 /* [CP] Embed Pods Frameworks */,
			);
			buildRules = (
			);
			dependencies = (
			);
			name = HomeWorkSpringPod;
			productName = HomeWorkSpringPod;
			productReference = 2C1314EB27FF402F00C71AFF /* HomeWorkSpringPod.app */;
			productType = "com.apple.product-type.application";
		};
/* End PBXNativeTarget section */

/* Begin PBXProject section */
		2C1314E327FF402F00C71AFF /* Project object */ = {
			isa = PBXProject;
			attributes = {
				BuildIndependentTargetsInParallel = 1;
				LastSwiftUpdateCheck = 1330;
				LastUpgradeCheck = 1330;
				TargetAttributes = {
					2C1314EA27FF402F00C71AFF = {
						CreatedOnToolsVersion = 13.3;
					};
				};
			};
			buildConfigurationList = 2C1314E627FF402F00C71AFF /* Build configuration list for PBXProject "HomeWorkSpringPod" */;
			compatibilityVersion = "Xcode 13.0";
			developmentRegion = en;
			hasScannedForEncodings = 0;
			knownRegions = (
				en,
				Base,
			);
			mainGroup = 2C1314E227FF402F00C71AFF;
			productRefGroup = 2C1314EC27FF402F00C71AFF /* Products */;
			projectDirPath = "";
			projectRoot = "";
			targets = (
				2C1314EA27FF402F00C71AFF /* HomeWorkSpringPod */,
			);
		};
/* End PBXProject section */

/* Begin PBXResourcesBuildPhase section */
		2C1314E927FF402F00C71AFF /* Resources */ = {
			isa = PBXResourcesBuildPhase;
			buildActionMask = 2147483647;
			files = (
				2C1314FB27FF403100C71AFF /* LaunchScreen.storyboard in Resources */,
				2C1314F827FF403100C71AFF /* Assets.xcassets in Resources */,
				2C1314F627FF402F00C71AFF /* Main.storyboard in Resources */,
			);
			runOnlyForDeploymentPostprocessing = 0;
		};
/* End PBXResourcesBuildPhase section */

/* Begin PBXShellScriptBuildPhase section */
		13CEFB2AC71E31DEA121E904 /* [CP] Embed Pods Frameworks */ = {
			isa = PBXShellScriptBuildPhase;
			buildActionMask = 2147483647;
			files = (
			);
			inputFileListPaths = (
				"${PODS_ROOT}/Target Support Files/Pods-HomeWorkSpringPod/Pods-HomeWorkSpringPod-frameworks-${CONFIGURATION}-input-files.xcfilelist",
			);
			name = "[CP] Embed Pods Frameworks";
			outputFileListPaths = (
				"${PODS_ROOT}/Target Support Files/Pods-HomeWorkSpringPod/Pods-HomeWorkSpringPod-frameworks-${CONFIGURATION}-output-files.xcfilelist",
			);
			runOnlyForDeploymentPostprocessing = 0;
			shellPath = /bin/sh;
			shellScript = "\"${PODS_ROOT}/Target Support Files/Pods-HomeWorkSpringPod/Pods-HomeWorkSpringPod-frameworks.sh\"\n";
			showEnvVarsInLog = 0;
		};
		1B4329F91A480C4488D04CF3 /* [CP] Check Pods Manifest.lock */ = {
			isa = PBXShellScriptBuildPhase;
			buildActionMask = 2147483647;
			files = (
			);
			inputFileListPaths = (
			);
			inputPaths = (
				"${PODS_PODFILE_DIR_PATH}/Podfile.lock",
				"${PODS_ROOT}/Manifest.lock",
			);
			name = "[CP] Check Pods Manifest.lock";
			outputFileListPaths = (
			);
			outputPaths = (
				"$(DERIVED_FILE_DIR)/Pods-HomeWorkSpringPod-checkManifestLockResult.txt",
			);
			runOnlyForDeploymentPostprocessing = 0;
			shellPath = /bin/sh;
			shellScript = "diff \"${PODS_PODFILE_DIR_PATH}/Podfile.lock\" \"${PODS_ROOT}/Manifest.lock\" > /dev/null\nif [ $? != 0 ] ; then\n    # print error to STDERR\n    echo \"error: The sandbox is not in sync with the Podfile.lock. Run 'pod install' or update your CocoaPods installation.\" >&2\n    exit 1\nfi\n# This output is used by Xcode 'outputs' to avoid re-running this script phase.\necho \"SUCCESS\" > \"${SCRIPT_OUTPUT_FILE_0}\"\n";
			showEnvVarsInLog = 0;
		};
/* End PBXShellScriptBuildPhase section */

/* Begin PBXSourcesBuildPhase section */
		2C1314E727FF402F00C71AFF /* Sources */ = {
			isa = PBXSourcesBuildPhase;
			buildActionMask = 2147483647;
			files = (
				2C1314F327FF402F00C71AFF /* ViewController.swift in Sources */,
				2C1314EF27FF402F00C71AFF /* AppDelegate.swift in Sources */,
				2C1314F127FF402F00C71AFF /* SceneDelegate.swift in Sources */,
				2CFF9B8A27FF42E900DE90E3 /* Model.swift in Sources */,
			);
			runOnlyForDeploymentPostprocessing = 0;
		};
/* End PBXSourcesBuildPhase section */

/* Begin PBXVariantGroup section */
		2C1314F427FF402F00C71AFF /* Main.storyboard */ = {
			isa = PBXVariantGroup;
			children = (
				2C1314F527FF402F00C71AFF /* Base */,
			);
			name = Main.storyboard;
			sourceTree = "<group>";
		};
		2C1314F927FF403100C71AFF /* LaunchScreen.storyboard */ = {
			isa = PBXVariantGroup;
			children = (
				2C1314FA27FF403100C71AFF /* Base */,
			);
			name = LaunchScreen.storyboard;
			sourceTree = "<group>";
		};
/* End PBXVariantGroup section */

/* Begin XCBuildConfiguration section */
		2C1314FD27FF403100C71AFF /* Debug */ = {
			isa = XCBuildConfiguration;
			buildSettings = {
				ALWAYS_SEARCH_USER_PATHS = NO;
				CLANG_ANALYZER_NONNULL = YES;
				CLANG_ANALYZER_NUMBER_OBJECT_CONVERSION = YES_AGGRESSIVE;
				CLANG_CXX_LANGUAGE_STANDARD = "gnu++17";
				CLANG_ENABLE_MODULES = YES;
				CLANG_ENABLE_OBJC_ARC = YES;
				CLANG_ENABLE_OBJC_WEAK = YES;
				CLANG_WARN_BLOCK_CAPTURE_AUTORELEASING = YES;
				CLANG_WARN_BOOL_CONVERSION = YES;
				CLANG_WARN_COMMA = YES;
				CLANG_WARN_CONSTANT_CONVERSION = YES;
				CLANG_WARN_DEPRECATED_OBJC_IMPLEMENTATIONS = YES;
				CLANG_WARN_DIRECT_OBJC_ISA_USAGE = YES_ERROR;
				CLANG_WARN_DOCUMENTATION_COMMENTS = YES;
				CLANG_WARN_EMPTY_BODY = YES;
				CLANG_WARN_ENUM_CONVERSION = YES;
				CLANG_WARN_INFINITE_RECURSION = YES;
				CLANG_WARN_INT_CONVERSION = YES;
				CLANG_WARN_NON_LITERAL_NULL_CONVERSION = YES;
				CLANG_WARN_OBJC_IMPLICIT_RETAIN_SELF = YES;
				CLANG_WARN_OBJC_LITERAL_CONVERSION = YES;
				CLANG_WARN_OBJC_ROOT_CLASS = YES_ERROR;
				CLANG_WARN_QUOTED_INCLUDE_IN_FRAMEWORK_HEADER = YES;
				CLANG_WARN_RANGE_LOOP_ANALYSIS = YES;
				CLANG_WARN_STRICT_PROTOTYPES = YES;
				CLANG_WARN_SUSPICIOUS_MOVE = YES;
				CLANG_WARN_UNGUARDED_AVAILABILITY = YES_AGGRESSIVE;
				CLANG_WARN_UNREACHABLE_CODE = YES;
				CLANG_WARN__DUPLICATE_METHOD_MATCH = YES;
				COPY_PHASE_STRIP = NO;
				DEBUG_INFORMATION_FORMAT = dwarf;
				ENABLE_STRICT_OBJC_MSGSEND = YES;
				ENABLE_TESTABILITY = YES;
				GCC_C_LANGUAGE_STANDARD = gnu11;
				GCC_DYNAMIC_NO_PIC = NO;
				GCC_NO_COMMON_BLOCKS = YES;
				GCC_OPTIMIZATION_LEVEL = 0;
				GCC_PREPROCESSOR_DEFINITIONS = (
					"DEBUG=1",
					"$(inherited)",
				);
				GCC_WARN_64_TO_32_BIT_CONVERSION = YES;
				GCC_WARN_ABOUT_RETURN_TYPE = YES_ERROR;
				GCC_WARN_UNDECLARED_SELECTOR = YES;
				GCC_WARN_UNINITIALIZED_AUTOS = YES_AGGRESSIVE;
				GCC_WARN_UNUSED_FUNCTION = YES;
				GCC_WARN_UNUSED_VARIABLE = YES;
				IPHONEOS_DEPLOYMENT_TARGET = 15.4;
				MTL_ENABLE_DEBUG_INFO = INCLUDE_SOURCE;
				MTL_FAST_MATH = YES;
				ONLY_ACTIVE_ARCH = YES;
				SDKROOT = iphoneos;
				SWIFT_ACTIVE_COMPILATION_CONDITIONS = DEBUG;
				SWIFT_OPTIMIZATION_LEVEL = "-Onone";
			};
			name = Debug;
		};
		2C1314FE27FF403100C71AFF /* Release */ = {
			isa = XCBuildConfiguration;
			buildSettings = {
				ALWAYS_SEARCH_USER_PATHS = NO;
				CLANG_ANALYZER_NONNULL = YES;
				CLANG_ANALYZER_NUMBER_OBJECT_CONVERSION = YES_AGGRESSIVE;
				CLANG_CXX_LANGUAGE_STANDARD = "gnu++17";
				CLANG_ENABLE_MODULES = YES;
				CLANG_ENABLE_OBJC_ARC = YES;
				CLANG_ENABLE_OBJC_WEAK = YES;
				CLANG_WARN_BLOCK_CAPTURE_AUTORELEASING = YES;
				CLANG_WARN_BOOL_CONVERSION = YES;
				CLANG_WARN_COMMA = YES;
				CLANG_WARN_CONSTANT_CONVERSION = YES;
				CLANG_WARN_DEPRECATED_OBJC_IMPLEMENTATIONS = YES;
				CLANG_WARN_DIRECT_OBJC_ISA_USAGE = YES_ERROR;
				CLANG_WARN_DOCUMENTATION_COMMENTS = YES;
				CLANG_WARN_EMPTY_BODY = YES;
				CLANG_WARN_ENUM_CONVERSION = YES;
				CLANG_WARN_INFINITE_RECURSION = YES;
				CLANG_WARN_INT_CONVERSION = YES;
				CLANG_WARN_NON_LITERAL_NULL_CONVERSION = YES;
				CLANG_WARN_OBJC_IMPLICIT_RETAIN_SELF = YES;
				CLANG_WARN_OBJC_LITERAL_CONVERSION = YES;
				CLANG_WARN_OBJC_ROOT_CLASS = YES_ERROR;
				CLANG_WARN_QUOTED_INCLUDE_IN_FRAMEWORK_HEADER = YES;
				CLANG_WARN_RANGE_LOOP_ANALYSIS = YES;
				CLANG_WARN_STRICT_PROTOTYPES = YES;
				CLANG_WARN_SUSPICIOUS_MOVE = YES;
				CLANG_WARN_UNGUARDED_AVAILABILITY = YES_AGGRESSIVE;
				CLANG_WARN_UNREACHABLE_CODE = YES;
				CLANG_WARN__DUPLICATE_METHOD_MATCH = YES;
				COPY_PHASE_STRIP = NO;
				DEBUG_INFORMATION_FORMAT = "dwarf-with-dsym";
				ENABLE_NS_ASSERTIONS = NO;
				ENABLE_STRICT_OBJC_MSGSEND = YES;
				GCC_C_LANGUAGE_STANDARD = gnu11;
				GCC_NO_COMMON_BLOCKS = YES;
				GCC_WARN_64_TO_32_BIT_CONVERSION = YES;
				GCC_WARN_ABOUT_RETURN_TYPE = YES_ERROR;
				GCC_WARN_UNDECLARED_SELECTOR = YES;
				GCC_WARN_UNINITIALIZED_AUTOS = YES_AGGRESSIVE;
				GCC_WARN_UNUSED_FUNCTION = YES;
				GCC_WARN_UNUSED_VARIABLE = YES;
				IPHONEOS_DEPLOYMENT_TARGET = 15.4;
				MTL_ENABLE_DEBUG_INFO = NO;
				MTL_FAST_MATH = YES;
				SDKROOT = iphoneos;
				SWIFT_COMPILATION_MODE = wholemodule;
				SWIFT_OPTIMIZATION_LEVEL = "-O";
				VALIDATE_PRODUCT = YES;
			};
			name = Release;
		};
		2C13150027FF403100C71AFF /* Debug */ = {
			isa = XCBuildConfiguration;
			baseConfigurationReference = 376766C7B4C9798863CA6FC2 /* Pods-HomeWorkSpringPod.debug.xcconfig */;
			buildSettings = {
				ASSETCATALOG_COMPILER_APPICON_NAME = AppIcon;
				ASSETCATALOG_COMPILER_GLOBAL_ACCENT_COLOR_NAME = AccentColor;
				CODE_SIGN_STYLE = Automatic;
				CURRENT_PROJECT_VERSION = 1;
				GENERATE_INFOPLIST_FILE = YES;
				INFOPLIST_FILE = HomeWorkSpringPod/Info.plist;
				INFOPLIST_KEY_UIApplicationSupportsIndirectInputEvents = YES;
				INFOPLIST_KEY_UILaunchStoryboardName = LaunchScreen;
				INFOPLIST_KEY_UIMainStoryboardFile = Main;
				INFOPLIST_KEY_UISupportedInterfaceOrientations_iPad = "UIInterfaceOrientationPortrait UIInterfaceOrientationPortraitUpsideDown UIInterfaceOrientationLandscapeLeft UIInterfaceOrientationLandscapeRight";
				INFOPLIST_KEY_UISupportedInterfaceOrientations_iPhone = "UIInterfaceOrientationPortrait UIInterfaceOrientationLandscapeLeft UIInterfaceOrientationLandscapeRight";
				LD_RUNPATH_SEARCH_PATHS = (
					"$(inherited)",
					"@executable_path/Frameworks",
				);
				MARKETING_VERSION = 1.0;
				PRODUCT_BUNDLE_IDENTIFIER = "-.HomeWorkSpringPod";
				PRODUCT_NAME = "$(TARGET_NAME)";
				SWIFT_EMIT_LOC_STRINGS = YES;
				SWIFT_VERSION = 5.0;
				TARGETED_DEVICE_FAMILY = "1,2";
			};
			name = Debug;
		};
		2C13150127FF403100C71AFF /* Release */ = {
			isa = XCBuildConfiguration;
			baseConfigurationReference = F8967500E41B40DF7A429027 /* Pods-HomeWorkSpringPod.release.xcconfig */;
			buildSettings = {
				ASSETCATALOG_COMPILER_APPICON_NAME = AppIcon;
				ASSETCATALOG_COMPILER_GLOBAL_ACCENT_COLOR_NAME = AccentColor;
				CODE_SIGN_STYLE = Automatic;
				CURRENT_PROJECT_VERSION = 1;
				GENERATE_INFOPLIST_FILE = YES;
				INFOPLIST_FILE = HomeWorkSpringPod/Info.plist;
				INFOPLIST_KEY_UIApplicationSupportsIndirectInputEvents = YES;
				INFOPLIST_KEY_UILaunchStoryboardName = LaunchScreen;
				INFOPLIST_KEY_UIMainStoryboardFile = Main;
				INFOPLIST_KEY_UISupportedInterfaceOrientations_iPad = "UIInterfaceOrientationPortrait UIInterfaceOrientationPortraitUpsideDown UIInterfaceOrientationLandscapeLeft UIInterfaceOrientationLandscapeRight";
				INFOPLIST_KEY_UISupportedInterfaceOrientations_iPhone = "UIInterfaceOrientationPortrait UIInterfaceOrientationLandscapeLeft UIInterfaceOrientationLandscapeRight";
				LD_RUNPATH_SEARCH_PATHS = (
					"$(inherited)",
					"@executable_path/Frameworks",
				);
				MARKETING_VERSION = 1.0;
				PRODUCT_BUNDLE_IDENTIFIER = "-.HomeWorkSpringPod";
				PRODUCT_NAME = "$(TARGET_NAME)";
				SWIFT_EMIT_LOC_STRINGS = YES;
				SWIFT_VERSION = 5.0;
				TARGETED_DEVICE_FAMILY = "1,2";
			};
			name = Release;
		};
/* End XCBuildConfiguration section */

/* Begin XCConfigurationList section */
		2C1314E627FF402F00C71AFF /* Build configuration list for PBXProject "HomeWorkSpringPod" */ = {
			isa = XCConfigurationList;
			buildConfigurations = (
				2C1314FD27FF403100C71AFF /* Debug */,
				2C1314FE27FF403100C71AFF /* Release */,
			);
			defaultConfigurationIsVisible = 0;
			defaultConfigurationName = Release;
		};
		2C1314FF27FF403100C71AFF /* Build configuration list for PBXNativeTarget "HomeWorkSpringPod" */ = {
			isa = XCConfigurationList;
			buildConfigurations = (
				2C13150027FF403100C71AFF /* Debug */,
				2C13150127FF403100C71AFF /* Release */,
			);
			defaultConfigurationIsVisible = 0;
			defaultConfigurationName = Release;
		};
/* End XCConfigurationList section */
	};
	rootObject = 2C1314E327FF402F00C71AFF /* Project object */;
}
